
Microsoft Visual Studio Solution File, Format Version 12.00
# Visual Studio Version 16
VisualStudioVersion = 16.0.29215.179
MinimumVisualStudioVersion = 10.0.40219.1
Project("{FAE04EC0-301F-11D3-BF4B-00C04F79EFBC}") = "toetsopdracht_week8-9", "toetsopdracht_week8-9\toetsopdracht_week8-9.csproj", "{FB5D5BF0-71E1-4D3D-A42A-B016D3A0BD22}"
EndProject
Global
	GlobalSection(SolutionConfigurationPlatforms) = preSolution
		Debug|Any CPU = Debug|Any CPU
		Release|Any CPU = Release|Any CPU
	EndGlobalSection
	GlobalSection(ProjectConfigurationPlatforms) = postSolution
		{FB5D5BF0-71E1-4D3D-A42A-B016D3A0BD22}.Debug|Any CPU.ActiveCfg = Debug|Any CPU
		{FB5D5BF0-71E1-4D3D-A42A-B016D3A0BD22}.Debug|Any CPU.Build.0 = Debug|Any CPU
		{FB5D5BF0-71E1-4D3D-A42A-B016D3A0BD22}.Release|Any CPU.ActiveCfg = Release|Any CPU
		{FB5D5BF0-71E1-4D3D-A42A-B016D3A0BD22}.Release|Any CPU.Build.0 = Release|Any CPU
	EndGlobalSection
	GlobalSection(SolutionProperties) = preSolution
		HideSolutionNode = FALSE
	EndGlobalSection
	GlobalSection(ExtensibilityGlobals) = postSolution
		SolutionGuid = {8CA1DFE0-F267-4379-881F-DF1FD89DC6C9}
	EndGlobalSection
EndGlobal
